
Microsoft Visual Studio Solution File, Format Version 12.00
# Visual Studio Version 17
VisualStudioVersion = 17.2.32616.157
MinimumVisualStudioVersion = 10.0.40219.1
Project("{FAE04EC0-301F-11D3-BF4B-00C04F79EFBC}") = "AdalineOCRNetwork", "AdalineOCRNetwork.csproj", "{C7BEFD2D-A331-4D06-B2D4-05F9533E9586}"
EndProject
Project("{E53339B2-1760-4266-BCC7-CA923CBCF16C}") = "docker-compose", "docker-compose.dcproj", "{9CE0062C-2248-420A-8C07-480FDC1817AF}"
EndProject
Global
	GlobalSection(SolutionConfigurationPlatforms) = preSolution
		Debug|Any CPU = Debug|Any CPU
		Release|Any CPU = Release|Any CPU
	EndGlobalSection
	GlobalSection(ProjectConfigurationPlatforms) = postSolution
		{C7BEFD2D-A331-4D06-B2D4-05F9533E9586}.Debug|Any CPU.ActiveCfg = Debug|Any CPU
		{C7BEFD2D-A331-4D06-B2D4-05F9533E9586}.Debug|Any CPU.Build.0 = Debug|Any CPU
		{C7BEFD2D-A331-4D06-B2D4-05F9533E9586}.Release|Any CPU.ActiveCfg = Release|Any CPU
		{C7BEFD2D-A331-4D06-B2D4-05F9533E9586}.Release|Any CPU.Build.0 = Release|Any CPU
		{9CE0062C-2248-420A-8C07-480FDC1817AF}.Debug|Any CPU.ActiveCfg = Debug|Any CPU
		{9CE0062C-2248-420A-8C07-480FDC1817AF}.Debug|Any CPU.Build.0 = Debug|Any CPU
		{9CE0062C-2248-420A-8C07-480FDC1817AF}.Release|Any CPU.ActiveCfg = Release|Any CPU
		{9CE0062C-2248-420A-8C07-480FDC1817AF}.Release|Any CPU.Build.0 = Release|Any CPU
	EndGlobalSection
	GlobalSection(SolutionProperties) = preSolution
		HideSolutionNode = FALSE
	EndGlobalSection
	GlobalSection(ExtensibilityGlobals) = postSolution
		SolutionGuid = {619591A2-B598-4332-B34A-632B589FC686}
	EndGlobalSection
EndGlobal
